
Microsoft Visual Studio Solution File, Format Version 11.00
# Visual Studio 2010
Project("{FAE04EC0-301F-11D3-BF4B-00C04F79EFBC}") = "GameAssembly", "GameAssembly.csproj", "{8EA4A6E2-8981-07EE-21AC-5E08838D878C}"
EndProject
Project("{FAE04EC0-301F-11D3-BF4B-00C04F79EFBC}") = "Tests", "Tests.csproj", "{AB35CC7D-979A-B8BD-8AD4-FFE2F68E3BCF}"
EndProject
Project("{FAE04EC0-301F-11D3-BF4B-00C04F79EFBC}") = "EditMode", "EditMode.csproj", "{A435048A-F881-DCCB-01B7-37D0F7C8C4B6}"
EndProject
Global
	GlobalSection(SolutionConfigurationPlatforms) = preSolution
		Debug|Any CPU = Debug|Any CPU
		Release|Any CPU = Release|Any CPU
	EndGlobalSection
	GlobalSection(ProjectConfigurationPlatforms) = postSolution
		{8EA4A6E2-8981-07EE-21AC-5E08838D878C}.Debug|Any CPU.ActiveCfg = Debug|Any CPU
		{8EA4A6E2-8981-07EE-21AC-5E08838D878C}.Debug|Any CPU.Build.0 = Debug|Any CPU
		{8EA4A6E2-8981-07EE-21AC-5E08838D878C}.Release|Any CPU.ActiveCfg = Release|Any CPU
		{8EA4A6E2-8981-07EE-21AC-5E08838D878C}.Release|Any CPU.Build.0 = Release|Any CPU
		{AB35CC7D-979A-B8BD-8AD4-FFE2F68E3BCF}.Debug|Any CPU.ActiveCfg = Debug|Any CPU
		{AB35CC7D-979A-B8BD-8AD4-FFE2F68E3BCF}.Debug|Any CPU.Build.0 = Debug|Any CPU
		{AB35CC7D-979A-B8BD-8AD4-FFE2F68E3BCF}.Release|Any CPU.ActiveCfg = Release|Any CPU
		{AB35CC7D-979A-B8BD-8AD4-FFE2F68E3BCF}.Release|Any CPU.Build.0 = Release|Any CPU
		{A435048A-F881-DCCB-01B7-37D0F7C8C4B6}.Debug|Any CPU.ActiveCfg = Debug|Any CPU
		{A435048A-F881-DCCB-01B7-37D0F7C8C4B6}.Debug|Any CPU.Build.0 = Debug|Any CPU
		{A435048A-F881-DCCB-01B7-37D0F7C8C4B6}.Release|Any CPU.ActiveCfg = Release|Any CPU
		{A435048A-F881-DCCB-01B7-37D0F7C8C4B6}.Release|Any CPU.Build.0 = Release|Any CPU
	EndGlobalSection
	GlobalSection(SolutionProperties) = preSolution
		HideSolutionNode = FALSE
	EndGlobalSection
EndGlobal
